
Microsoft Visual Studio Solution File, Format Version 12.00
# Visual Studio Version 17
VisualStudioVersion = 17.14.37216.2 d17.14
MinimumVisualStudioVersion = 10.0.40219.1
Project("{FAE04EC0-301F-11D3-BF4B-00C04F79EFBC}") = "Contacts PresentationLayer", "Contacts PresentationLayer.csproj", "{40D28E1F-B1C7-4661-A6C5-DE840B1405F9}"
EndProject
Project("{FAE04EC0-301F-11D3-BF4B-00C04F79EFBC}") = "ContactsBusinessLayer", "..\Contacts Project\ContactsBusinessLayer\ContactsBusinessLayer.csproj", "{8AFDA822-90FB-43BD-891B-8ECDD88C294A}"
EndProject
Project("{FAE04EC0-301F-11D3-BF4B-00C04F79EFBC}") = "ContactsDataLayer", "..\Contacts Project\ContactsDataLayer\ContactsDataLayer.csproj", "{48C61FC9-6D3F-40D3-9CD7-87BAD620CCB0}"
EndProject
Global
	GlobalSection(SolutionConfigurationPlatforms) = preSolution
		Debug|Any CPU = Debug|Any CPU
		Release|Any CPU = Release|Any CPU
	EndGlobalSection
	GlobalSection(ProjectConfigurationPlatforms) = postSolution
		{40D28E1F-B1C7-4661-A6C5-DE840B1405F9}.Debug|Any CPU.ActiveCfg = Debug|Any CPU
		{40D28E1F-B1C7-4661-A6C5-DE840B1405F9}.Debug|Any CPU.Build.0 = Debug|Any CPU
		{40D28E1F-B1C7-4661-A6C5-DE840B1405F9}.Release|Any CPU.ActiveCfg = Release|Any CPU
		{40D28E1F-B1C7-4661-A6C5-DE840B1405F9}.Release|Any CPU.Build.0 = Release|Any CPU
		{8AFDA822-90FB-43BD-891B-8ECDD88C294A}.Debug|Any CPU.ActiveCfg = Debug|Any CPU
		{8AFDA822-90FB-43BD-891B-8ECDD88C294A}.Debug|Any CPU.Build.0 = Debug|Any CPU
		{8AFDA822-90FB-43BD-891B-8ECDD88C294A}.Release|Any CPU.ActiveCfg = Release|Any CPU
		{8AFDA822-90FB-43BD-891B-8ECDD88C294A}.Release|Any CPU.Build.0 = Release|Any CPU
		{48C61FC9-6D3F-40D3-9CD7-87BAD620CCB0}.Debug|Any CPU.ActiveCfg = Debug|Any CPU
		{48C61FC9-6D3F-40D3-9CD7-87BAD620CCB0}.Debug|Any CPU.Build.0 = Debug|Any CPU
		{48C61FC9-6D3F-40D3-9CD7-87BAD620CCB0}.Release|Any CPU.ActiveCfg = Release|Any CPU
		{48C61FC9-6D3F-40D3-9CD7-87BAD620CCB0}.Release|Any CPU.Build.0 = Release|Any CPU
	EndGlobalSection
	GlobalSection(SolutionProperties) = preSolution
		HideSolutionNode = FALSE
	EndGlobalSection
	GlobalSection(ExtensibilityGlobals) = postSolution
		SolutionGuid = {B7543315-ED3E-43A3-9F66-5CB809FFCC25}
	EndGlobalSection
EndGlobal
